
Microsoft Visual Studio Solution File, Format Version 12.00
# Visual Studio 15
VisualStudioVersion = 15.0.28307.539
MinimumVisualStudioVersion = 10.0.40219.1
Project("{9A19103F-16F7-4668-BE54-9A1E7A4F7556}") = "GameStudio.Serializers.Abstractions", "GameStudio.Serializers.Abstractions\GameStudio.Serializers.Abstractions.csproj", "{8335D53D-A539-4AC4-9D24-ACE29D5DDAE2}"
EndProject
Project("{9A19103F-16F7-4668-BE54-9A1E7A4F7556}") = "GameStudio.Serializers.Jil", "GameStudio.Serializers.Jil\GameStudio.Serializers.Jil.csproj", "{0A43A3BD-EAF6-4F49-8181-60B961F2698E}"
EndProject
Project("{9A19103F-16F7-4668-BE54-9A1E7A4F7556}") = "GameStudio.Serializers.NewtonSoft", "GameStudio.Serializers.Newtonsoft\GameStudio.Serializers.NewtonSoft.csproj", "{09DB6226-9472-4289-A269-983D9F4C7D5B}"
EndProject
Project("{9A19103F-16F7-4668-BE54-9A1E7A4F7556}") = "GameStudio.Serializers.Tests", "GameStudio.Serializers.Tests\GameStudio.Serializers.Tests.csproj", "{24F7AB3E-94B7-46AD-8CAA-1A7B2C870189}"
EndProject
Global
	GlobalSection(SolutionConfigurationPlatforms) = preSolution
		Debug|Any CPU = Debug|Any CPU
		Release|Any CPU = Release|Any CPU
	EndGlobalSection
	GlobalSection(ProjectConfigurationPlatforms) = postSolution
		{8335D53D-A539-4AC4-9D24-ACE29D5DDAE2}.Debug|Any CPU.ActiveCfg = Debug|Any CPU
		{8335D53D-A539-4AC4-9D24-ACE29D5DDAE2}.Debug|Any CPU.Build.0 = Debug|Any CPU
		{8335D53D-A539-4AC4-9D24-ACE29D5DDAE2}.Release|Any CPU.ActiveCfg = Release|Any CPU
		{8335D53D-A539-4AC4-9D24-ACE29D5DDAE2}.Release|Any CPU.Build.0 = Release|Any CPU
		{0A43A3BD-EAF6-4F49-8181-60B961F2698E}.Debug|Any CPU.ActiveCfg = Debug|Any CPU
		{0A43A3BD-EAF6-4F49-8181-60B961F2698E}.Debug|Any CPU.Build.0 = Debug|Any CPU
		{0A43A3BD-EAF6-4F49-8181-60B961F2698E}.Release|Any CPU.ActiveCfg = Release|Any CPU
		{0A43A3BD-EAF6-4F49-8181-60B961F2698E}.Release|Any CPU.Build.0 = Release|Any CPU
		{09DB6226-9472-4289-A269-983D9F4C7D5B}.Debug|Any CPU.ActiveCfg = Debug|Any CPU
		{09DB6226-9472-4289-A269-983D9F4C7D5B}.Debug|Any CPU.Build.0 = Debug|Any CPU
		{09DB6226-9472-4289-A269-983D9F4C7D5B}.Release|Any CPU.ActiveCfg = Release|Any CPU
		{09DB6226-9472-4289-A269-983D9F4C7D5B}.Release|Any CPU.Build.0 = Release|Any CPU
		{24F7AB3E-94B7-46AD-8CAA-1A7B2C870189}.Debug|Any CPU.ActiveCfg = Debug|Any CPU
		{24F7AB3E-94B7-46AD-8CAA-1A7B2C870189}.Debug|Any CPU.Build.0 = Debug|Any CPU
		{24F7AB3E-94B7-46AD-8CAA-1A7B2C870189}.Release|Any CPU.ActiveCfg = Release|Any CPU
		{24F7AB3E-94B7-46AD-8CAA-1A7B2C870189}.Release|Any CPU.Build.0 = Release|Any CPU
	EndGlobalSection
	GlobalSection(SolutionProperties) = preSolution
		HideSolutionNode = FALSE
	EndGlobalSection
	GlobalSection(ExtensibilityGlobals) = postSolution
		SolutionGuid = {A91AEE8A-5DA1-4508-9415-782F90DB2E0B}
	EndGlobalSection
EndGlobal
