
Microsoft Visual Studio Solution File, Format Version 12.00
# Visual Studio 15
VisualStudioVersion = 15.0.28307.539
MinimumVisualStudioVersion = 10.0.40219.1
Project("{9A19103F-16F7-4668-BE54-9A1E7A4F7556}") = "GameStudio.Repository.Document.Abstractions", "GameStudio.Repository.Document.Abstractions\GameStudio.Repository.Document.Abstractions.csproj", "{74C92C40-A1B3-4B1F-B44E-A3F67D969C8A}"
EndProject
Project("{9A19103F-16F7-4668-BE54-9A1E7A4F7556}") = "GameStudio.Repository", "GameStudio.Repository\GameStudio.Repository.csproj", "{2E527022-FC42-4346-8214-349A31973E17}"
EndProject
Project("{9A19103F-16F7-4668-BE54-9A1E7A4F7556}") = "GameStudio.Repository.Document.Mongo", "GameStudio.Repository.Document.Mongo\GameStudio.Repository.Document.Mongo.csproj", "{09638BE0-38E0-44AB-8CEE-4E1C04C10D79}"
EndProject
Project("{9A19103F-16F7-4668-BE54-9A1E7A4F7556}") = "GameStudio.Repository.Document.Tests", "GameStudio.Repository.Document.Tests\GameStudio.Repository.Document.Tests.csproj", "{95D8983C-48D9-470F-8ED2-CD516DC30295}"
EndProject
Project("{9A19103F-16F7-4668-BE54-9A1E7A4F7556}") = "GameStudio.Repository.Document.Benchmarks", "GameStudio.Repository.Document.Benchmarks\GameStudio.Repository.Document.Benchmarks.csproj", "{F81BAC14-4DEC-42B9-A571-6DCC20F8E1EF}"
EndProject
Global
	GlobalSection(SolutionConfigurationPlatforms) = preSolution
		Debug|Any CPU = Debug|Any CPU
		Release|Any CPU = Release|Any CPU
	EndGlobalSection
	GlobalSection(ProjectConfigurationPlatforms) = postSolution
		{74C92C40-A1B3-4B1F-B44E-A3F67D969C8A}.Debug|Any CPU.ActiveCfg = Debug|Any CPU
		{74C92C40-A1B3-4B1F-B44E-A3F67D969C8A}.Debug|Any CPU.Build.0 = Debug|Any CPU
		{74C92C40-A1B3-4B1F-B44E-A3F67D969C8A}.Release|Any CPU.ActiveCfg = Release|Any CPU
		{74C92C40-A1B3-4B1F-B44E-A3F67D969C8A}.Release|Any CPU.Build.0 = Release|Any CPU
		{2E527022-FC42-4346-8214-349A31973E17}.Debug|Any CPU.ActiveCfg = Debug|Any CPU
		{2E527022-FC42-4346-8214-349A31973E17}.Debug|Any CPU.Build.0 = Debug|Any CPU
		{2E527022-FC42-4346-8214-349A31973E17}.Release|Any CPU.ActiveCfg = Release|Any CPU
		{2E527022-FC42-4346-8214-349A31973E17}.Release|Any CPU.Build.0 = Release|Any CPU
		{09638BE0-38E0-44AB-8CEE-4E1C04C10D79}.Debug|Any CPU.ActiveCfg = Debug|Any CPU
		{09638BE0-38E0-44AB-8CEE-4E1C04C10D79}.Debug|Any CPU.Build.0 = Debug|Any CPU
		{09638BE0-38E0-44AB-8CEE-4E1C04C10D79}.Release|Any CPU.ActiveCfg = Release|Any CPU
		{09638BE0-38E0-44AB-8CEE-4E1C04C10D79}.Release|Any CPU.Build.0 = Release|Any CPU
		{95D8983C-48D9-470F-8ED2-CD516DC30295}.Debug|Any CPU.ActiveCfg = Debug|Any CPU
		{95D8983C-48D9-470F-8ED2-CD516DC30295}.Debug|Any CPU.Build.0 = Debug|Any CPU
		{95D8983C-48D9-470F-8ED2-CD516DC30295}.Release|Any CPU.ActiveCfg = Release|Any CPU
		{95D8983C-48D9-470F-8ED2-CD516DC30295}.Release|Any CPU.Build.0 = Release|Any CPU
		{F81BAC14-4DEC-42B9-A571-6DCC20F8E1EF}.Debug|Any CPU.ActiveCfg = Debug|Any CPU
		{F81BAC14-4DEC-42B9-A571-6DCC20F8E1EF}.Debug|Any CPU.Build.0 = Debug|Any CPU
		{F81BAC14-4DEC-42B9-A571-6DCC20F8E1EF}.Release|Any CPU.ActiveCfg = Release|Any CPU
		{F81BAC14-4DEC-42B9-A571-6DCC20F8E1EF}.Release|Any CPU.Build.0 = Release|Any CPU
	EndGlobalSection
	GlobalSection(SolutionProperties) = preSolution
		HideSolutionNode = FALSE
	EndGlobalSection
	GlobalSection(ExtensibilityGlobals) = postSolution
		SolutionGuid = {D4514245-23D6-439D-8D31-D5BC48A7F174}
	EndGlobalSection
EndGlobal
