
Microsoft Visual Studio Solution File, Format Version 12.00
# Visual Studio 15
VisualStudioVersion = 15.0.28307.539
MinimumVisualStudioVersion = 10.0.40219.1
Project("{9A19103F-16F7-4668-BE54-9A1E7A4F7556}") = "GameStudio.Secrets.Abstractions", "GameStudio.Secrets.Abstractions\GameStudio.Secrets.Abstractions.csproj", "{83CB0DC5-4E3B-4386-ACF3-3625932CBE1F}"
EndProject
Project("{9A19103F-16F7-4668-BE54-9A1E7A4F7556}") = "GameStudio.Secrets.Aws", "GameStudio.Secrets.Aws\GameStudio.Secrets.Aws.csproj", "{3429921F-0FDA-4463-B13F-6BD7489D8C3B}"
EndProject
Project("{9A19103F-16F7-4668-BE54-9A1E7A4F7556}") = "GameStudio.Secrets.Azure", "GameStudio.Secrets.Azure\GameStudio.Secrets.Azure.csproj", "{9CE1DBC5-101C-4BB3-829F-60DF3C8082BB}"
EndProject
Project("{9A19103F-16F7-4668-BE54-9A1E7A4F7556}") = "GameStudio.Secrets.Tests", "GameStudio.Secrets.Tests\GameStudio.Secrets.Tests.csproj", "{00C32293-9240-48C2-846D-F2CED0F23905}"
EndProject
Global
	GlobalSection(SolutionConfigurationPlatforms) = preSolution
		Debug|Any CPU = Debug|Any CPU
		Release|Any CPU = Release|Any CPU
	EndGlobalSection
	GlobalSection(ProjectConfigurationPlatforms) = postSolution
		{83CB0DC5-4E3B-4386-ACF3-3625932CBE1F}.Debug|Any CPU.ActiveCfg = Debug|Any CPU
		{83CB0DC5-4E3B-4386-ACF3-3625932CBE1F}.Debug|Any CPU.Build.0 = Debug|Any CPU
		{83CB0DC5-4E3B-4386-ACF3-3625932CBE1F}.Release|Any CPU.ActiveCfg = Release|Any CPU
		{83CB0DC5-4E3B-4386-ACF3-3625932CBE1F}.Release|Any CPU.Build.0 = Release|Any CPU
		{3429921F-0FDA-4463-B13F-6BD7489D8C3B}.Debug|Any CPU.ActiveCfg = Debug|Any CPU
		{3429921F-0FDA-4463-B13F-6BD7489D8C3B}.Debug|Any CPU.Build.0 = Debug|Any CPU
		{3429921F-0FDA-4463-B13F-6BD7489D8C3B}.Release|Any CPU.ActiveCfg = Release|Any CPU
		{3429921F-0FDA-4463-B13F-6BD7489D8C3B}.Release|Any CPU.Build.0 = Release|Any CPU
		{9CE1DBC5-101C-4BB3-829F-60DF3C8082BB}.Debug|Any CPU.ActiveCfg = Debug|Any CPU
		{9CE1DBC5-101C-4BB3-829F-60DF3C8082BB}.Debug|Any CPU.Build.0 = Debug|Any CPU
		{9CE1DBC5-101C-4BB3-829F-60DF3C8082BB}.Release|Any CPU.ActiveCfg = Release|Any CPU
		{9CE1DBC5-101C-4BB3-829F-60DF3C8082BB}.Release|Any CPU.Build.0 = Release|Any CPU
		{00C32293-9240-48C2-846D-F2CED0F23905}.Debug|Any CPU.ActiveCfg = Debug|Any CPU
		{00C32293-9240-48C2-846D-F2CED0F23905}.Debug|Any CPU.Build.0 = Debug|Any CPU
		{00C32293-9240-48C2-846D-F2CED0F23905}.Release|Any CPU.ActiveCfg = Release|Any CPU
		{00C32293-9240-48C2-846D-F2CED0F23905}.Release|Any CPU.Build.0 = Release|Any CPU
	EndGlobalSection
	GlobalSection(SolutionProperties) = preSolution
		HideSolutionNode = FALSE
	EndGlobalSection
	GlobalSection(ExtensibilityGlobals) = postSolution
		SolutionGuid = {1093E04B-E11A-4F28-A49F-4300960AA9C0}
	EndGlobalSection
EndGlobal
