
Microsoft Visual Studio Solution File, Format Version 12.00
# Visual Studio 15
VisualStudioVersion = 15.0.28307.539
MinimumVisualStudioVersion = 10.0.40219.1
Project("{9A19103F-16F7-4668-BE54-9A1E7A4F7556}") = "GameStudio.ConfigurationConventions", "GameStudio.ConfigurationConventions\GameStudio.ConfigurationConventions.csproj", "{4B73AF4A-6001-4594-A393-71D43E4E8B1A}"
EndProject
Project("{9A19103F-16F7-4668-BE54-9A1E7A4F7556}") = "GameStudio.ConfigurationConventions.Abstractions", "GameStudio.ConfigurationConventions.Abstractions\GameStudio.ConfigurationConventions.Abstractions.csproj", "{B535B4D5-D220-4931-B80A-F1F783FAFBB3}"
EndProject
Global
	GlobalSection(SolutionConfigurationPlatforms) = preSolution
		Debug|Any CPU = Debug|Any CPU
		Release|Any CPU = Release|Any CPU
	EndGlobalSection
	GlobalSection(ProjectConfigurationPlatforms) = postSolution
		{4B73AF4A-6001-4594-A393-71D43E4E8B1A}.Debug|Any CPU.ActiveCfg = Debug|Any CPU
		{4B73AF4A-6001-4594-A393-71D43E4E8B1A}.Debug|Any CPU.Build.0 = Debug|Any CPU
		{4B73AF4A-6001-4594-A393-71D43E4E8B1A}.Release|Any CPU.ActiveCfg = Release|Any CPU
		{4B73AF4A-6001-4594-A393-71D43E4E8B1A}.Release|Any CPU.Build.0 = Release|Any CPU
		{B535B4D5-D220-4931-B80A-F1F783FAFBB3}.Debug|Any CPU.ActiveCfg = Debug|Any CPU
		{B535B4D5-D220-4931-B80A-F1F783FAFBB3}.Debug|Any CPU.Build.0 = Debug|Any CPU
		{B535B4D5-D220-4931-B80A-F1F783FAFBB3}.Release|Any CPU.ActiveCfg = Release|Any CPU
		{B535B4D5-D220-4931-B80A-F1F783FAFBB3}.Release|Any CPU.Build.0 = Release|Any CPU
	EndGlobalSection
	GlobalSection(SolutionProperties) = preSolution
		HideSolutionNode = FALSE
	EndGlobalSection
	GlobalSection(ExtensibilityGlobals) = postSolution
		SolutionGuid = {B3C651DE-8757-4ED8-8643-CD74F3DA40BD}
	EndGlobalSection
EndGlobal
